<?xml version="1.0" encoding="utf-8"?>
<Project ToolsVersion="4.0" xmlns="http://schemas.microsoft.com/developer/msbuild/2003">
  <ItemGroup>
    <ClCompile Include="lib\imgui\imgui.cpp" />
    <ClCompile Include="lib\imgui\imgui_demo.cpp" />
    <ClCompile Include="lib\imgui\imgui_draw.cpp" />
    <ClCompile Include="lib\imgui\imgui_impl_dx12.cpp" />
    <ClCompile Include="lib\imgui\imgui_impl_win32.cpp" />
    <ClCompile Include="lib\imgui\imgui_tables.cpp" />
    <ClCompile Include="lib\imgui\imgui_widgets.cpp" />
    <ClCompile Include="src\engine\AudioApp.cpp" />
    <ClCompile Include="src\engine\Camera.cpp" />
    <ClCompile Include="src\engine\Collider.cpp" />
    <ClCompile Include="src\engine\Collision.cpp" />
    <ClCompile Include="src\engine\Common\KuroFunc.cpp" />
    <ClCompile Include="src\engine\Common\KuroMath.cpp" />
    <ClCompile Include="src\engine\Common\Primitive.cpp" />
    <ClCompile Include="src\engine\Common\Subject.cpp" />
    <ClCompile Include="src\engine\Common\Transform.cpp" />
    <ClCompile Include="src\engine\Common\Transform2D.cpp" />
    <ClCompile Include="src\engine\CubeMap.cpp" />
    <ClCompile Include="src\engine\D3D12App.cpp" />
    <ClCompile Include="src\engine\D3D12Data.cpp" />
    <ClCompile Include="src\engine\DebugCamera.cpp" />
    <ClCompile Include="src\engine\DescriptorHeap.cpp" />
    <ClCompile Include="src\engine\DOF.cpp" />
    <ClCompile Include="src\engine\DrawFuncBillBoard.cpp" />
    <ClCompile Include="src\engine\LightBloomDevice.cpp" />
    <ClCompile Include="src\engine\DrawFunc2D.cpp" />
    <ClCompile Include="src\engine\DrawFunc2D_FillTex.cpp" />
    <ClCompile Include="src\engine\DrawFunc2D_Mask.cpp" />
    <ClCompile Include="src\engine\DrawFunc2D_Shadow.cpp" />
    <ClCompile Include="src\engine\DrawFunc2D_Color.cpp" />
    <ClCompile Include="src\engine\DrawFunc3D.cpp" />
    <ClCompile Include="src\engine\Fps.cpp" />
    <ClCompile Include="src\engine\GaussianBlur.cpp" />
    <ClCompile Include="src\engine\GraphicsManager.cpp" />
    <ClCompile Include="src\engine\ImguiApp.cpp" />
    <ClCompile Include="src\engine\ImguiDebugInterface.cpp" />
    <ClCompile Include="src\engine\Importer.cpp" />
    <ClCompile Include="src\engine\KuroEngine.cpp" />
    <ClCompile Include="src\engine\Light.cpp" />
    <ClCompile Include="src\engine\LightManager.cpp" />
    <ClCompile Include="src\engine\main.cpp" />
    <ClCompile Include="src\engine\Material.cpp" />
    <ClCompile Include="src\engine\Model.cpp" />
    <ClCompile Include="src\engine\ModelAnimator.cpp" />
    <ClCompile Include="src\engine\ModelMesh.cpp" />
    <ClCompile Include="src\engine\NoiseGenerator.cpp" />
    <ClCompile Include="src\engine\Object.cpp" />
    <ClCompile Include="src\engine\ShadowMapDevice.cpp" />
    <ClCompile Include="src\engine\Skeleton.cpp" />
    <ClCompile Include="src\engine\Sprite.cpp" />
    <ClCompile Include="src\engine\SpriteMesh.cpp" />
    <ClCompile Include="src\engine\Sprite_Shadow.cpp" />
    <ClCompile Include="src\engine\Swapchain.cpp" />
    <ClCompile Include="src\engine\UsersInput.cpp" />
    <ClCompile Include="src\engine\WinApp.cpp" />
    <ClCompile Include="src\user\BaseEnemy.cpp" />
    <ClCompile Include="src\user\BulletMgr.cpp" />
    <ClCompile Include="src\user\DrawFunc_Append.cpp" />
    <ClCompile Include="src\user\DashLightingParticle.cpp" />
    <ClCompile Include="src\user\DashLightingRoad.cpp" />
    <ClCompile Include="src\user\DriftParticle.cpp" />
    <ClCompile Include="src\user\ElecMushiEnemy.cpp" />
    <ClCompile Include="src\user\EnemyBullet.cpp" />
    <ClCompile Include="src\user\EnemyWave.cpp" />
    <ClCompile Include="src\user\EnemyWaveMgr.cpp" />
    <ClCompile Include="src\user\EnvironmentMgr.cpp" />
    <ClCompile Include="src\user\FeverGauge.cpp" />
    <ClCompile Include="src\user\GameTimer.cpp" />
    <ClCompile Include="src\user\EnemyDeadEmitter.cpp" />
    <ClCompile Include="src\user\EnemyDeadLineParticle.cpp" />
    <ClCompile Include="src\user\EnemyDeadSquareParticle.cpp" />
    <ClCompile Include="src\user\KazDrawFunc.cpp" />
    <ClCompile Include="src\user\LightBlock.cpp" />
    <ClCompile Include="src\user\LineLight.cpp" />
    <ClCompile Include="src\user\PlayerBullet.cpp" />
    <ClCompile Include="src\user\EnemyMgr.cpp" />
    <ClCompile Include="src\user\GameManager.cpp" />
    <ClCompile Include="src\user\GameScene.cpp" />
    <ClCompile Include="src\user\GrazeEmitter.cpp" />
    <ClCompile Include="src\user\GrazeParticle.cpp" />
    <ClCompile Include="src\user\KazCollisionHelper.cpp" />
    <ClCompile Include="src\user\Player.cpp" />
    <ClCompile Include="src\user\PlayerStraightEnemy.cpp" />
    <ClCompile Include="src\user\PressEnemy.cpp" />
    <ClCompile Include="src\user\ShieldEnemy.cpp" />
    <ClCompile Include="src\user\StoppingEnemy.cpp" />
    <ClCompile Include="src\user\StraightEnemy.cpp" />
    <ClCompile Include="src\user\TitleScene.cpp" />
    <ClCompile Include="src\user\TorusMoveEnemy.cpp" />
    <ClCompile Include="src\user\TrackingEnemy.cpp" />
    <ClCompile Include="src\user\UnionBaseEnemy.cpp" />
    <ClCompile Include="src\user\UnionEnemy.cpp" />
    <ClCompile Include="src\user\PlayerDashLighting.cpp" />
    <ClCompile Include="src\user\PlayerModelOutline.cpp" />
  </ItemGroup>
  <ItemGroup>
    <ClInclude Include="lib\dxcompiler\inc\d3d12shader.h" />
    <ClInclude Include="lib\dxcompiler\inc\dxcapi.h" />
    <ClInclude Include="lib\imgui\imconfig.h" />
    <ClInclude Include="lib\imgui\imgui.h" />
    <ClInclude Include="lib\imgui\imgui_impl_dx12.h" />
    <ClInclude Include="lib\imgui\imgui_impl_win32.h" />
    <ClInclude Include="lib\imgui\imgui_internal.h" />
    <ClInclude Include="lib\imgui\imstb_rectpack.h" />
    <ClInclude Include="lib\imgui\imstb_textedit.h" />
    <ClInclude Include="lib\imgui\imstb_truetype.h" />
    <ClInclude Include="lib\magic_enum\magic_enum.h" />
    <ClInclude Include="src\engine\Animation.h" />
    <ClInclude Include="src\engine\AudioApp.h" />
    <ClInclude Include="src\engine\Camera.h" />
    <ClInclude Include="src\engine\Collider.h" />
    <ClInclude Include="src\engine\Collision.h" />
    <ClInclude Include="src\engine\Common\Angle.h" />
    <ClInclude Include="src\engine\Common\Color.h" />
    <ClInclude Include="src\engine\Common\Command.h" />
    <ClInclude Include="src\engine\Common\KuroFunc.h" />
    <ClInclude Include="src\engine\Common\KuroMath.h" />
    <ClInclude Include="src\engine\Common\Observer.h" />
    <ClInclude Include="src\engine\Common\Primitive.h" />
    <ClInclude Include="src\engine\Common\Singleton.h" />
    <ClInclude Include="src\engine\Common\Subject.h" />
    <ClInclude Include="src\engine\Common\Transform.h" />
    <ClInclude Include="src\engine\Common\Transform2D.h" />
    <ClInclude Include="src\engine\Common\ValueMinMax.h" />
    <ClInclude Include="src\engine\Common\Vec.h" />
    <ClInclude Include="src\engine\CubeMap.h" />
    <ClInclude Include="src\engine\D3D12App.h" />
    <ClInclude Include="src\engine\D3D12Data.h" />
    <ClInclude Include="src\engine\DebugCamera.h" />
    <ClInclude Include="src\engine\DescriptorHeap.h" />
    <ClInclude Include="src\engine\DOF.h" />
    <ClInclude Include="src\engine\DrawFuncBillBoard.h" />
    <ClInclude Include="src\engine\LightBloomDevice.h" />
    <ClInclude Include="src\engine\DrawFunc2D.h" />
    <ClInclude Include="src\engine\DrawFunc2D_FillTex.h" />
    <ClInclude Include="src\engine\DrawFunc2D_Mask.h" />
    <ClInclude Include="src\engine\DrawFunc2D_Shadow.h" />
    <ClInclude Include="src\engine\DrawFunc2D_Color.h" />
    <ClInclude Include="src\engine\DrawFunc3D.h" />
    <ClInclude Include="src\engine\Fps.h" />
    <ClInclude Include="src\engine\GaussianBlur.h" />
    <ClInclude Include="src\engine\GraphicsManager.h" />
    <ClInclude Include="src\engine\ImguiApp.h" />
    <ClInclude Include="src\engine\ImguiDebugInterface.h" />
    <ClInclude Include="src\engine\Importer.h" />
    <ClInclude Include="src\engine\ImportHeader.h" />
    <ClInclude Include="src\engine\KuroEngine.h" />
    <ClInclude Include="src\engine\Light.h" />
    <ClInclude Include="src\engine\LightManager.h" />
    <ClInclude Include="src\engine\Material.h" />
    <ClInclude Include="src\engine\Mesh.h" />
    <ClInclude Include="src\engine\Model.h" />
    <ClInclude Include="src\engine\ModelAnimator.h" />
    <ClInclude Include="src\engine\ModelMesh.h" />
    <ClInclude Include="src\engine\NoiseGenerator.h" />
    <ClInclude Include="src\engine\Object.h" />
    <ClInclude Include="src\engine\ShadowMapDevice.h" />
    <ClInclude Include="src\engine\Skeleton.h" />
    <ClInclude Include="src\engine\Sprite.h" />
    <ClInclude Include="src\engine\SpriteMesh.h" />
    <ClInclude Include="src\engine\Sprite_Shadow.h" />
    <ClInclude Include="src\engine\StreamReader.h" />
    <ClInclude Include="src\engine\Swapchain.h" />
    <ClInclude Include="src\engine\UsersInput.h" />
    <ClInclude Include="src\engine\WinApp.h" />
    <ClInclude Include="src\user\BaseEnemy.h" />
    <ClInclude Include="src\user\BulletMgr.h" />
    <ClInclude Include="src\user\ColorPalette.h" />
    <ClInclude Include="src\user\DashLightingParticle.h" />
    <ClInclude Include="src\user\DashLightingRoad.h" />
    <ClInclude Include="src\user\DrawFunc_Append.h" />
    <ClInclude Include="src\user\DriftParticle.h" />
    <ClInclude Include="src\user\ElecMushiEnemy.h" />
    <ClInclude Include="src\user\EnemyBullet.h" />
    <ClInclude Include="src\user\EnemyWave.h" />
    <ClInclude Include="src\user\EnemyWaveMgr.h" />
    <ClInclude Include="src\user\EnvironmentMgr.h" />
    <ClInclude Include="src\user\FeverGauge.h" />
    <ClInclude Include="src\user\GameTimer.h" />
    <ClInclude Include="src\user\EnemyDeadEmitter.h" />
    <ClInclude Include="src\user\EnemyDeadLineParticle.h" />
    <ClInclude Include="src\user\EnemyDeadSquareParticle.h" />
    <ClInclude Include="src\user\KazDrawFunc.h" />
    <ClInclude Include="src\user\LightBlock.h" />
    <ClInclude Include="src\user\LineLight.h" />
    <ClInclude Include="src\user\PlayerBullet.h" />
    <ClInclude Include="src\user\EnemyMgr.h" />
    <ClInclude Include="src\user\GameManager.h" />
    <ClInclude Include="src\user\GameScene.h" />
    <ClInclude Include="src\user\GrazeEmitter.h" />
    <ClInclude Include="src\user\GrazeParticle.h" />
    <ClInclude Include="src\user\KazCollisionHelper.h" />
    <ClInclude Include="src\user\Player.h" />
    <ClInclude Include="src\user\PlayerStraightEnemy.h" />
    <ClInclude Include="src\user\PressEnemy.h" />
    <ClInclude Include="src\user\ShieldEnemy.h" />
    <ClInclude Include="src\user\StoppingEnemy.h" />
    <ClInclude Include="src\user\StraightEnemy.h" />
    <ClInclude Include="src\user\TitleScene.h" />
    <ClInclude Include="src\user\TorusMoveEnemy.h" />
    <ClInclude Include="src\user\TrackingEnemy.h" />
    <ClInclude Include="src\user\UnionBaseEnemy.h" />
    <ClInclude Include="src\user\UnionEnemy.h" />
    <ClInclude Include="src\user\PlayerDashLighting.h" />
    <ClInclude Include="src\user\PlayerModelOutline.h" />
    <ClInclude Include="src\user\GameMode.h" />
  </ItemGroup>
</Project>